// !$*UTF8*$!
{
	archiveVersion = 1;
	classes = {};
	objectVersion = 56;
	objects = {

/* Begin PBXBuildFile section */
		A10000000000000000000001 /* KeyraApp.swift in Sources */ = {isa = PBXBuildFile; fileRef = A10000000000000000000002 /* KeyraApp.swift */; };
/* End PBXBuildFile section */

/* Begin PBXFileReference section */
		A10000000000000000000002 /* KeyraApp.swift */ = {isa = PBXFileReference; lastKnownFileType = sourcecode.swift; path = KeyraApp.swift; sourceTree = "<group>"; };
		A10000000000000000000003 /* Keyra.app */ = {isa = PBXFileReference; explicitFileType = wrapper.application; includeInIndex = 0; path = Keyra.app; sourceTree = BUILT_PRODUCTS_DIR; };
/* End PBXFileReference section */

/* Begin PBXFrameworksBuildPhase section */
		A10000000000000000000004 /* Frameworks */ = {
			isa = PBXFrameworksBuildPhase;
			buildActionMask = 2147483647;
			files = ();
			runOnlyForDeploymentPostprocessing = 0;
		};
/* End PBXFrameworksBuildPhase section */

/* Begin PBXGroup section */
		A10000000000000000000005 = {
			isa = PBXGroup;
			children = (
				A10000000000000000000006 /* Keyra */,
				A10000000000000000000007 /* Products */,
			);
			sourceTree = "<group>";
		};
		A10000000000000000000006 /* Keyra */ = {
			isa = PBXGroup;
			children = (
				A10000000000000000000002 /* KeyraApp.swift */,
			);
			path = Keyra;
			sourceTree = "<group>";
		};
		A10000000000000000000007 /* Products */ = {
			isa = PBXGroup;
			children = (
				A10000000000000000000003 /* Keyra.app */,
			);
			name = Products;
			sourceTree = "<group>";
		};
/* End PBXGroup section */

/* Begin PBXNativeTarget section */
		A10000000000000000000008 /* Keyra */ = {
			isa = PBXNativeTarget;
			buildConfigurationList = A10000000000000000000009 /* Build configuration list for PBXNativeTarget "Keyra" */;
			buildPhases = (
				A1000000000000000000000A /* Sources */,
				A10000000000000000000004 /* Frameworks */,
				A1000000000000000000000B /* Resources */,
			);
			buildRules = ();
			dependencies = ();
			name = Keyra;
			productName = Keyra;
			productReference = A10000000000000000000003 /* Keyra.app */;
			productType = "com.apple.product-type.application";
		};
/* End PBXNativeTarget section */

/* Begin PBXProject section */
		A1000000000000000000000C /* Project object */ = {
			isa = PBXProject;
			attributes = {
				BuildIndependentTargetsInParallel = 1;
				LastSwiftUpdateCheck = 1600;
				LastUpgradeCheck = 1600;
				TargetAttributes = {
					A10000000000000000000008 = {
						CreatedOnToolsVersion = 16.0;
					};
				};
			};
			buildConfigurationList = A1000000000000000000000D /* Build configuration list for PBXProject "Keyra" */;
			compatibilityVersion = "Xcode 14.0";
			developmentRegion = hr;
			hasScannedForEncodings = 0;
			knownRegions = (hr, en, Base);
			mainGroup = A10000000000000000000005;
			productRefGroup = A10000000000000000000007 /* Products */;
			projectDirPath = "";
			projectRoot = "";
			targets = (A10000000000000000000008 /* Keyra */);
		};
/* End PBXProject section */

/* Begin PBXResourcesBuildPhase section */
		A1000000000000000000000B /* Resources */ = {
			isa = PBXResourcesBuildPhase;
			buildActionMask = 2147483647;
			files = ();
			runOnlyForDeploymentPostprocessing = 0;
		};
/* End PBXResourcesBuildPhase section */

/* Begin PBXSourcesBuildPhase section */
		A1000000000000000000000A /* Sources */ = {
			isa = PBXSourcesBuildPhase;
			buildActionMask = 2147483647;
			files = (A10000000000000000000001 /* KeyraApp.swift in Sources */);
			runOnlyForDeploymentPostprocessing = 0;
		};
/* End PBXSourcesBuildPhase section */

/* Begin XCBuildConfiguration section */
		A1000000000000000000000E /* Debug */ = {
			isa = XCBuildConfiguration;
			buildSettings = {
				ALWAYS_SEARCH_USER_PATHS = NO;
				CLANG_ENABLE_MODULES = YES;
				CLANG_ENABLE_OBJC_ARC = YES;
				DEBUG_INFORMATION_FORMAT = dwarf;
				ENABLE_TESTABILITY = YES;
				GCC_C_LANGUAGE_STANDARD = gnu17;
				IPHONEOS_DEPLOYMENT_TARGET = 17.0;
				SDKROOT = iphoneos;
				SWIFT_ACTIVE_COMPILATION_CONDITIONS = "DEBUG $(inherited)";
				SWIFT_OPTIMIZATION_LEVEL = "-Onone";
			};
			name = Debug;
		};
		A1000000000000000000000F /* Release */ = {
			isa = XCBuildConfiguration;
			buildSettings = {
				ALWAYS_SEARCH_USER_PATHS = NO;
				CLANG_ENABLE_MODULES = YES;
				CLANG_ENABLE_OBJC_ARC = YES;
				DEBUG_INFORMATION_FORMAT = "dwarf-with-dsym";
				GCC_C_LANGUAGE_STANDARD = gnu17;
				IPHONEOS_DEPLOYMENT_TARGET = 17.0;
				SDKROOT = iphoneos;
				SWIFT_COMPILATION_MODE = wholemodule;
			};
			name = Release;
		};
		A10000000000000000000010 /* Debug */ = {
			isa = XCBuildConfiguration;
			buildSettings = {
				CODE_SIGN_STYLE = Automatic;
				CURRENT_PROJECT_VERSION = 2;
				GENERATE_INFOPLIST_FILE = YES;
				INFOPLIST_KEY_CFBundleDisplayName = Keyra;
				INFOPLIST_KEY_LSApplicationCategoryType = "public.app-category.productivity";
				INFOPLIST_KEY_NSFaceIDUsageDescription = "Omogućuje brzo i sigurno otključavanje trezora.";
				IPHONEOS_DEPLOYMENT_TARGET = 17.0;
				MARKETING_VERSION = 0.2.0;
				PRODUCT_BUNDLE_IDENTIFIER = com.keyra.app;
				PRODUCT_NAME = "$(TARGET_NAME)";
				SUPPORTED_PLATFORMS = "iphoneos iphonesimulator";
				SUPPORTS_MACCATALYST = NO;
				SWIFT_EMIT_LOC_STRINGS = YES;
				SWIFT_VERSION = 5.0;
				TARGETED_DEVICE_FAMILY = "1,2";
			};
			name = Debug;
		};
		A10000000000000000000011 /* Release */ = {
			isa = XCBuildConfiguration;
			buildSettings = {
				CODE_SIGN_STYLE = Automatic;
				CURRENT_PROJECT_VERSION = 2;
				GENERATE_INFOPLIST_FILE = YES;
				INFOPLIST_KEY_CFBundleDisplayName = Keyra;
				INFOPLIST_KEY_LSApplicationCategoryType = "public.app-category.productivity";
				INFOPLIST_KEY_NSFaceIDUsageDescription = "Omogućuje brzo i sigurno otključavanje trezora.";
				IPHONEOS_DEPLOYMENT_TARGET = 17.0;
				MARKETING_VERSION = 0.2.0;
				PRODUCT_BUNDLE_IDENTIFIER = com.keyra.app;
				PRODUCT_NAME = "$(TARGET_NAME)";
				SUPPORTED_PLATFORMS = "iphoneos iphonesimulator";
				SUPPORTS_MACCATALYST = NO;
				SWIFT_VERSION = 5.0;
				TARGETED_DEVICE_FAMILY = "1,2";
			};
			name = Release;
		};
/* End XCBuildConfiguration section */

/* Begin XCConfigurationList section */
		A1000000000000000000000D /* Build configuration list for PBXProject "Keyra" */ = {
			isa = XCConfigurationList;
			buildConfigurations = (A1000000000000000000000E /* Debug */, A1000000000000000000000F /* Release */);
			defaultConfigurationIsVisible = 0;
			defaultConfigurationName = Release;
		};
		A10000000000000000000009 /* Build configuration list for PBXNativeTarget "Keyra" */ = {
			isa = XCConfigurationList;
			buildConfigurations = (A10000000000000000000010 /* Debug */, A10000000000000000000011 /* Release */);
			defaultConfigurationIsVisible = 0;
			defaultConfigurationName = Release;
		};
/* End XCConfigurationList section */
	};
	rootObject = A1000000000000000000000C /* Project object */;
}
